
Microsoft Visual Studio Solution File, Format Version 12.00
# Visual Studio Version 16
VisualStudioVersion = 16.0.30611.23
MinimumVisualStudioVersion = 10.0.40219.1
Project("{FAE04EC0-301F-11D3-BF4B-00C04F79EFBC}") = "ApnaAaharAPI", "ApnaAaharAPI\ApnaAaharAPI.csproj", "{AAF4C30C-772B-416C-BE50-39841A42271A}"
EndProject
Project("{FAE04EC0-301F-11D3-BF4B-00C04F79EFBC}") = "ApnaAahar.Services", "ApnaAahar.Services\ApnaAahar.Services.csproj", "{FB36567E-F76D-4CEE-A833-DD4E3ABEED22}"
EndProject
Project("{FAE04EC0-301F-11D3-BF4B-00C04F79EFBC}") = "ApnaAahar.Repository", "ApnaAahar.Repository\ApnaAahar.Repository.csproj", "{C8059F3A-E276-4ECD-B75E-C2AADDF0C13A}"
EndProject
Project("{FAE04EC0-301F-11D3-BF4B-00C04F79EFBC}") = "ApnaAahar.Tests", "ApnaAahar.Tests\ApnaAahar.Tests.csproj", "{C91AC874-FD4E-4ACF-9C94-C822DA258209}"
EndProject
Project("{FAE04EC0-301F-11D3-BF4B-00C04F79EFBC}") = "ApnaAahar.Exceptions", "ApnaAahar.Exceptions\ApnaAahar.Exceptions.csproj", "{1F75F52F-4368-4026-8B25-FBC4E50E0DC7}"
EndProject
Global
	GlobalSection(SolutionConfigurationPlatforms) = preSolution
		Debug|Any CPU = Debug|Any CPU
		Release|Any CPU = Release|Any CPU
	EndGlobalSection
	GlobalSection(ProjectConfigurationPlatforms) = postSolution
		{AAF4C30C-772B-416C-BE50-39841A42271A}.Debug|Any CPU.ActiveCfg = Debug|Any CPU
		{AAF4C30C-772B-416C-BE50-39841A42271A}.Debug|Any CPU.Build.0 = Debug|Any CPU
		{AAF4C30C-772B-416C-BE50-39841A42271A}.Release|Any CPU.ActiveCfg = Release|Any CPU
		{AAF4C30C-772B-416C-BE50-39841A42271A}.Release|Any CPU.Build.0 = Release|Any CPU
		{FB36567E-F76D-4CEE-A833-DD4E3ABEED22}.Debug|Any CPU.ActiveCfg = Debug|Any CPU
		{FB36567E-F76D-4CEE-A833-DD4E3ABEED22}.Debug|Any CPU.Build.0 = Debug|Any CPU
		{FB36567E-F76D-4CEE-A833-DD4E3ABEED22}.Release|Any CPU.ActiveCfg = Release|Any CPU
		{FB36567E-F76D-4CEE-A833-DD4E3ABEED22}.Release|Any CPU.Build.0 = Release|Any CPU
		{C8059F3A-E276-4ECD-B75E-C2AADDF0C13A}.Debug|Any CPU.ActiveCfg = Debug|Any CPU
		{C8059F3A-E276-4ECD-B75E-C2AADDF0C13A}.Debug|Any CPU.Build.0 = Debug|Any CPU
		{C8059F3A-E276-4ECD-B75E-C2AADDF0C13A}.Release|Any CPU.ActiveCfg = Release|Any CPU
		{C8059F3A-E276-4ECD-B75E-C2AADDF0C13A}.Release|Any CPU.Build.0 = Release|Any CPU
		{C91AC874-FD4E-4ACF-9C94-C822DA258209}.Debug|Any CPU.ActiveCfg = Debug|Any CPU
		{C91AC874-FD4E-4ACF-9C94-C822DA258209}.Debug|Any CPU.Build.0 = Debug|Any CPU
		{C91AC874-FD4E-4ACF-9C94-C822DA258209}.Release|Any CPU.ActiveCfg = Release|Any CPU
		{C91AC874-FD4E-4ACF-9C94-C822DA258209}.Release|Any CPU.Build.0 = Release|Any CPU
		{1F75F52F-4368-4026-8B25-FBC4E50E0DC7}.Debug|Any CPU.ActiveCfg = Debug|Any CPU
		{1F75F52F-4368-4026-8B25-FBC4E50E0DC7}.Debug|Any CPU.Build.0 = Debug|Any CPU
		{1F75F52F-4368-4026-8B25-FBC4E50E0DC7}.Release|Any CPU.ActiveCfg = Release|Any CPU
		{1F75F52F-4368-4026-8B25-FBC4E50E0DC7}.Release|Any CPU.Build.0 = Release|Any CPU
	EndGlobalSection
	GlobalSection(SolutionProperties) = preSolution
		HideSolutionNode = FALSE
	EndGlobalSection
	GlobalSection(ExtensibilityGlobals) = postSolution
		SolutionGuid = {1DF452DA-E515-450F-BAC1-81C9D0D1950E}
	EndGlobalSection
EndGlobal
